// !$*UTF8*$!
{
	archiveVersion = 1;
	classes = {
	};
	objectVersion = 46;
	objects = {

/* Begin PBXBuildFile section */
		2B1874061EF4707300D0DB57 /* AppDelegate.swift in Sources */ = {isa = PBXBuildFile; fileRef = 2B1874051EF4707300D0DB57 /* AppDelegate.swift */; };
		2B18740B1EF4707300D0DB57 /* Main.storyboard in Resources */ = {isa = PBXBuildFile; fileRef = 2B1874091EF4707300D0DB57 /* Main.storyboard */; };
		2B18740D1EF4707300D0DB57 /* Assets.xcassets in Resources */ = {isa = PBXBuildFile; fileRef = 2B18740C1EF4707300D0DB57 /* Assets.xcassets */; };
		2B1874101EF4707300D0DB57 /* LaunchScreen.storyboard in Resources */ = {isa = PBXBuildFile; fileRef = 2B18740E1EF4707300D0DB57 /* LaunchScreen.storyboard */; };
		2B1874181EF471EF00D0DB57 /* MasterTableViewController.swift in Sources */ = {isa = PBXBuildFile; fileRef = 2B1874171EF471EF00D0DB57 /* MasterTableViewController.swift */; };
		2B18741A1EF479C800D0DB57 /* RecipeProvider.swift in Sources */ = {isa = PBXBuildFile; fileRef = 2B1874191EF479C800D0DB57 /* RecipeProvider.swift */; };
		2B18741C1EF4862800D0DB57 /* DetailViewController.swift in Sources */ = {isa = PBXBuildFile; fileRef = 2B18741B1EF4862800D0DB57 /* DetailViewController.swift */; };
/* End PBXBuildFile section */

/* Begin PBXFileReference section */
		2B1874021EF4707300D0DB57 /* Drank.app */ = {isa = PBXFileReference; explicitFileType = wrapper.application; includeInIndex = 0; path = Drank.app; sourceTree = BUILT_PRODUCTS_DIR; };
		2B1874051EF4707300D0DB57 /* AppDelegate.swift */ = {isa = PBXFileReference; lastKnownFileType = sourcecode.swift; path = AppDelegate.swift; sourceTree = "<group>"; };
		2B18740A1EF4707300D0DB57 /* Base */ = {isa = PBXFileReference; lastKnownFileType = file.storyboard; name = Base; path = Base.lproj/Main.storyboard; sourceTree = "<group>"; };
		2B18740C1EF4707300D0DB57 /* Assets.xcassets */ = {isa = PBXFileReference; lastKnownFileType = folder.assetcatalog; path = Assets.xcassets; sourceTree = "<group>"; };
		2B18740F1EF4707300D0DB57 /* Base */ = {isa = PBXFileReference; lastKnownFileType = file.storyboard; name = Base; path = Base.lproj/LaunchScreen.storyboard; sourceTree = "<group>"; };
		2B1874111EF4707300D0DB57 /* Info.plist */ = {isa = PBXFileReference; lastKnownFileType = text.plist.xml; path = Info.plist; sourceTree = "<group>"; };
		2B1874171EF471EF00D0DB57 /* MasterTableViewController.swift */ = {isa = PBXFileReference; fileEncoding = 4; lastKnownFileType = sourcecode.swift; path = MasterTableViewController.swift; sourceTree = "<group>"; };
		2B1874191EF479C800D0DB57 /* RecipeProvider.swift */ = {isa = PBXFileReference; fileEncoding = 4; lastKnownFileType = sourcecode.swift; path = RecipeProvider.swift; sourceTree = "<group>"; };
		2B18741B1EF4862800D0DB57 /* DetailViewController.swift */ = {isa = PBXFileReference; fileEncoding = 4; lastKnownFileType = sourcecode.swift; path = DetailViewController.swift; sourceTree = "<group>"; };
/* End PBXFileReference section */

/* Begin PBXFrameworksBuildPhase section */
		2B1873FF1EF4707300D0DB57 /* Frameworks */ = {
			isa = PBXFrameworksBuildPhase;
			buildActionMask = 2147483647;
			files = (
			);
			runOnlyForDeploymentPostprocessing = 0;
		};
/* End PBXFrameworksBuildPhase section */

/* Begin PBXGroup section */
		2B1873F91EF4707300D0DB57 = {
			isa = PBXGroup;
			children = (
				2B1874041EF4707300D0DB57 /* Drank */,
				2B1874031EF4707300D0DB57 /* Products */,
			);
			sourceTree = "<group>";
		};
		2B1874031EF4707300D0DB57 /* Products */ = {
			isa = PBXGroup;
			children = (
				2B1874021EF4707300D0DB57 /* Drank.app */,
			);
			name = Products;
			sourceTree = "<group>";
		};
		2B1874041EF4707300D0DB57 /* Drank */ = {
			isa = PBXGroup;
			children = (
				2B1874051EF4707300D0DB57 /* AppDelegate.swift */,
				2B1874191EF479C800D0DB57 /* RecipeProvider.swift */,
				2B1874171EF471EF00D0DB57 /* MasterTableViewController.swift */,
				2B18741B1EF4862800D0DB57 /* DetailViewController.swift */,
				2B1874091EF4707300D0DB57 /* Main.storyboard */,
				2B18740C1EF4707300D0DB57 /* Assets.xcassets */,
				2B18740E1EF4707300D0DB57 /* LaunchScreen.storyboard */,
				2B1874111EF4707300D0DB57 /* Info.plist */,
			);
			path = Drank;
			sourceTree = "<group>";
		};
/* End PBXGroup section */

/* Begin PBXNativeTarget section */
		2B1874011EF4707300D0DB57 /* Drank */ = {
			isa = PBXNativeTarget;
			buildConfigurationList = 2B1874141EF4707300D0DB57 /* Build configuration list for PBXNativeTarget "Drank" */;
			buildPhases = (
				2B1873FE1EF4707300D0DB57 /* Sources */,
				2B1873FF1EF4707300D0DB57 /* Frameworks */,
				2B1874001EF4707300D0DB57 /* Resources */,
			);
			buildRules = (
			);
			dependencies = (
			);
			name = Drank;
			productName = Drank;
			productReference = 2B1874021EF4707300D0DB57 /* Drank.app */;
			productType = "com.apple.product-type.application";
		};
/* End PBXNativeTarget section */

/* Begin PBXProject section */
		2B1873FA1EF4707300D0DB57 /* Project object */ = {
			isa = PBXProject;
			attributes = {
				LastSwiftUpdateCheck = 0830;
				LastUpgradeCheck = 0830;
				ORGANIZATIONNAME = "Michael K Peterman";
				TargetAttributes = {
					2B1874011EF4707300D0DB57 = {
						CreatedOnToolsVersion = 8.3.3;
						ProvisioningStyle = Automatic;
					};
				};
			};
			buildConfigurationList = 2B1873FD1EF4707300D0DB57 /* Build configuration list for PBXProject "Drank" */;
			compatibilityVersion = "Xcode 3.2";
			developmentRegion = English;
			hasScannedForEncodings = 0;
			knownRegions = (
				en,
				Base,
			);
			mainGroup = 2B1873F91EF4707300D0DB57;
			productRefGroup = 2B1874031EF4707300D0DB57 /* Products */;
			projectDirPath = "";
			projectRoot = "";
			targets = (
				2B1874011EF4707300D0DB57 /* Drank */,
			);
		};
/* End PBXProject section */

/* Begin PBXResourcesBuildPhase section */
		2B1874001EF4707300D0DB57 /* Resources */ = {
			isa = PBXResourcesBuildPhase;
			buildActionMask = 2147483647;
			files = (
				2B1874101EF4707300D0DB57 /* LaunchScreen.storyboard in Resources */,
				2B18740D1EF4707300D0DB57 /* Assets.xcassets in Resources */,
				2B18740B1EF4707300D0DB57 /* Main.storyboard in Resources */,
			);
			runOnlyForDeploymentPostprocessing = 0;
		};
/* End PBXResourcesBuildPhase section */

/* Begin PBXSourcesBuildPhase section */
		2B1873FE1EF4707300D0DB57 /* Sources */ = {
			isa = PBXSourcesBuildPhase;
			buildActionMask = 2147483647;
			files = (
				2B1874061EF4707300D0DB57 /* AppDelegate.swift in Sources */,
				2B18741A1EF479C800D0DB57 /* RecipeProvider.swift in Sources */,
				2B1874181EF471EF00D0DB57 /* MasterTableViewController.swift in Sources */,
				2B18741C1EF4862800D0DB57 /* DetailViewController.swift in Sources */,
			);
			runOnlyForDeploymentPostprocessing = 0;
		};
/* End PBXSourcesBuildPhase section */

/* Begin PBXVariantGroup section */
		2B1874091EF4707300D0DB57 /* Main.storyboard */ = {
			isa = PBXVariantGroup;
			children = (
				2B18740A1EF4707300D0DB57 /* Base */,
			);
			name = Main.storyboard;
			sourceTree = "<group>";
		};
		2B18740E1EF4707300D0DB57 /* LaunchScreen.storyboard */ = {
			isa = PBXVariantGroup;
			children = (
				2B18740F1EF4707300D0DB57 /* Base */,
			);
			name = LaunchScreen.storyboard;
			sourceTree = "<group>";
		};
/* End PBXVariantGroup section */

/* Begin XCBuildConfiguration section */
		2B1874121EF4707300D0DB57 /* Debug */ = {
			isa = XCBuildConfiguration;
			buildSettings = {
				ALWAYS_SEARCH_USER_PATHS = NO;
				CLANG_ANALYZER_NONNULL = YES;
				CLANG_ANALYZER_NUMBER_OBJECT_CONVERSION = YES_AGGRESSIVE;
				CLANG_CXX_LANGUAGE_STANDARD = "gnu++0x";
				CLANG_CXX_LIBRARY = "libc++";
				CLANG_ENABLE_MODULES = YES;
				CLANG_ENABLE_OBJC_ARC = YES;
				CLANG_WARN_BOOL_CONVERSION = YES;
				CLANG_WARN_CONSTANT_CONVERSION = YES;
				CLANG_WARN_DIRECT_OBJC_ISA_USAGE = YES_ERROR;
				CLANG_WARN_DOCUMENTATION_COMMENTS = YES;
				CLANG_WARN_EMPTY_BODY = YES;
				CLANG_WARN_ENUM_CONVERSION = YES;
				CLANG_WARN_INFINITE_RECURSION = YES;
				CLANG_WARN_INT_CONVERSION = YES;
				CLANG_WARN_OBJC_ROOT_CLASS = YES_ERROR;
				CLANG_WARN_SUSPICIOUS_MOVE = YES;
				CLANG_WARN_UNREACHABLE_CODE = YES;
				CLANG_WARN__DUPLICATE_METHOD_MATCH = YES;
				"CODE_SIGN_IDENTITY[sdk=iphoneos*]" = "iPhone Developer";
				COPY_PHASE_STRIP = NO;
				DEBUG_INFORMATION_FORMAT = dwarf;
				ENABLE_STRICT_OBJC_MSGSEND = YES;
				ENABLE_TESTABILITY = YES;
				GCC_C_LANGUAGE_STANDARD = gnu99;
				GCC_DYNAMIC_NO_PIC = NO;
				GCC_NO_COMMON_BLOCKS = YES;
				GCC_OPTIMIZATION_LEVEL = 0;
				GCC_PREPROCESSOR_DEFINITIONS = (
					"DEBUG=1",
					"$(inherited)",
				);
				GCC_WARN_64_TO_32_BIT_CONVERSION = YES;
				GCC_WARN_ABOUT_RETURN_TYPE = YES_ERROR;
				GCC_WARN_UNDECLARED_SELECTOR = YES;
				GCC_WARN_UNINITIALIZED_AUTOS = YES_AGGRESSIVE;
				GCC_WARN_UNUSED_FUNCTION = YES;
				GCC_WARN_UNUSED_VARIABLE = YES;
				IPHONEOS_DEPLOYMENT_TARGET = 10.3;
				MTL_ENABLE_DEBUG_INFO = YES;
				ONLY_ACTIVE_ARCH = YES;
				SDKROOT = iphoneos;
				SWIFT_ACTIVE_COMPILATION_CONDITIONS = DEBUG;
				SWIFT_OPTIMIZATION_LEVEL = "-Onone";
			};
			name = Debug;
		};
		2B1874131EF4707300D0DB57 /* Release */ = {
			isa = XCBuildConfiguration;
			buildSettings = {
				ALWAYS_SEARCH_USER_PATHS = NO;
				CLANG_ANALYZER_NONNULL = YES;
				CLANG_ANALYZER_NUMBER_OBJECT_CONVERSION = YES_AGGRESSIVE;
				CLANG_CXX_LANGUAGE_STANDARD = "gnu++0x";
				CLANG_CXX_LIBRARY = "libc++";
				CLANG_ENABLE_MODULES = YES;
				CLANG_ENABLE_OBJC_ARC = YES;
				CLANG_WARN_BOOL_CONVERSION = YES;
				CLANG_WARN_CONSTANT_CONVERSION = YES;
				CLANG_WARN_DIRECT_OBJC_ISA_USAGE = YES_ERROR;
				CLANG_WARN_DOCUMENTATION_COMMENTS = YES;
				CLANG_WARN_EMPTY_BODY = YES;
				CLANG_WARN_ENUM_CONVERSION = YES;
				CLANG_WARN_INFINITE_RECURSION = YES;
				CLANG_WARN_INT_CONVERSION = YES;
				CLANG_WARN_OBJC_ROOT_CLASS = YES_ERROR;
				CLANG_WARN_SUSPICIOUS_MOVE = YES;
				CLANG_WARN_UNREACHABLE_CODE = YES;
				CLANG_WARN__DUPLICATE_METHOD_MATCH = YES;
				"CODE_SIGN_IDENTITY[sdk=iphoneos*]" = "iPhone Developer";
				COPY_PHASE_STRIP = NO;
				DEBUG_INFORMATION_FORMAT = "dwarf-with-dsym";
				ENABLE_NS_ASSERTIONS = NO;
				ENABLE_STRICT_OBJC_MSGSEND = YES;
				GCC_C_LANGUAGE_STANDARD = gnu99;
				GCC_NO_COMMON_BLOCKS = YES;
				GCC_WARN_64_TO_32_BIT_CONVERSION = YES;
				GCC_WARN_ABOUT_RETURN_TYPE = YES_ERROR;
				GCC_WARN_UNDECLARED_SELECTOR = YES;
				GCC_WARN_UNINITIALIZED_AUTOS = YES_AGGRESSIVE;
				GCC_WARN_UNUSED_FUNCTION = YES;
				GCC_WARN_UNUSED_VARIABLE = YES;
				IPHONEOS_DEPLOYMENT_TARGET = 10.3;
				MTL_ENABLE_DEBUG_INFO = NO;
				SDKROOT = iphoneos;
				SWIFT_OPTIMIZATION_LEVEL = "-Owholemodule";
				VALIDATE_PRODUCT = YES;
			};
			name = Release;
		};
		2B1874151EF4707300D0DB57 /* Debug */ = {
			isa = XCBuildConfiguration;
			buildSettings = {
				ASSETCATALOG_COMPILER_APPICON_NAME = AppIcon;
				INFOPLIST_FILE = Drank/Info.plist;
				LD_RUNPATH_SEARCH_PATHS = "$(inherited) @executable_path/Frameworks";
				PRODUCT_BUNDLE_IDENTIFIER = com.michaelkpeterman.Drank;
				PRODUCT_NAME = "$(TARGET_NAME)";
				SWIFT_VERSION = 3.0;
			};
			name = Debug;
		};
		2B1874161EF4707300D0DB57 /* Release */ = {
			isa = XCBuildConfiguration;
			buildSettings = {
				ASSETCATALOG_COMPILER_APPICON_NAME = AppIcon;
				INFOPLIST_FILE = Drank/Info.plist;
				LD_RUNPATH_SEARCH_PATHS = "$(inherited) @executable_path/Frameworks";
				PRODUCT_BUNDLE_IDENTIFIER = com.michaelkpeterman.Drank;
				PRODUCT_NAME = "$(TARGET_NAME)";
				SWIFT_VERSION = 3.0;
			};
			name = Release;
		};
/* End XCBuildConfiguration section */

/* Begin XCConfigurationList section */
		2B1873FD1EF4707300D0DB57 /* Build configuration list for PBXProject "Drank" */ = {
			isa = XCConfigurationList;
			buildConfigurations = (
				2B1874121EF4707300D0DB57 /* Debug */,
				2B1874131EF4707300D0DB57 /* Release */,
			);
			defaultConfigurationIsVisible = 0;
			defaultConfigurationName = Release;
		};
		2B1874141EF4707300D0DB57 /* Build configuration list for PBXNativeTarget "Drank" */ = {
			isa = XCConfigurationList;
			buildConfigurations = (
				2B1874151EF4707300D0DB57 /* Debug */,
				2B1874161EF4707300D0DB57 /* Release */,
			);
			defaultConfigurationIsVisible = 0;
		};
/* End XCConfigurationList section */
	};
	rootObject = 2B1873FA1EF4707300D0DB57 /* Project object */;
}
